// !$*UTF8*$!
{
	archiveVersion = 1;
	classes = {
	};
	objectVersion = 50;
	objects = {

/* Begin PBXBuildFile section */
		5A2DE4EF213840070079369E /* AppDelegate.swift in Sources */ = {isa = PBXBuildFile; fileRef = 5A2DE4EE213840070079369E /* AppDelegate.swift */; };
		5A2DE4F1213840070079369E /* ViewController.swift in Sources */ = {isa = PBXBuildFile; fileRef = 5A2DE4F0213840070079369E /* ViewController.swift */; };
		5A2DE4F4213840070079369E /* Main.storyboard in Resources */ = {isa = PBXBuildFile; fileRef = 5A2DE4F2213840070079369E /* Main.storyboard */; };
		5A2DE4F6213840090079369E /* Assets.xcassets in Resources */ = {isa = PBXBuildFile; fileRef = 5A2DE4F5213840090079369E /* Assets.xcassets */; };
		5A2DE4F9213840090079369E /* LaunchScreen.storyboard in Resources */ = {isa = PBXBuildFile; fileRef = 5A2DE4F7213840090079369E /* LaunchScreen.storyboard */; };
		5A2DE504213840090079369E /* FabricTestTests.swift in Sources */ = {isa = PBXBuildFile; fileRef = 5A2DE503213840090079369E /* FabricTestTests.swift */; };
		5A2DE50F213840090079369E /* FabricTestUITests.swift in Sources */ = {isa = PBXBuildFile; fileRef = 5A2DE50E213840090079369E /* FabricTestUITests.swift */; };
/* End PBXBuildFile section */

/* Begin PBXContainerItemProxy section */
		5A2DE500213840090079369E /* PBXContainerItemProxy */ = {
			isa = PBXContainerItemProxy;
			containerPortal = 5A2DE4E3213840070079369E /* Project object */;
			proxyType = 1;
			remoteGlobalIDString = 5A2DE4EA213840070079369E;
			remoteInfo = FabricTest;
		};
		5A2DE50B213840090079369E /* PBXContainerItemProxy */ = {
			isa = PBXContainerItemProxy;
			containerPortal = 5A2DE4E3213840070079369E /* Project object */;
			proxyType = 1;
			remoteGlobalIDString = 5A2DE4EA213840070079369E;
			remoteInfo = FabricTest;
		};
/* End PBXContainerItemProxy section */

/* Begin PBXFileReference section */
		5A2DE4EB213840070079369E /* FabricTest.app */ = {isa = PBXFileReference; explicitFileType = wrapper.application; includeInIndex = 0; path = FabricTest.app; sourceTree = BUILT_PRODUCTS_DIR; };
		5A2DE4EE213840070079369E /* AppDelegate.swift */ = {isa = PBXFileReference; lastKnownFileType = sourcecode.swift; path = AppDelegate.swift; sourceTree = "<group>"; };
		5A2DE4F0213840070079369E /* ViewController.swift */ = {isa = PBXFileReference; lastKnownFileType = sourcecode.swift; path = ViewController.swift; sourceTree = "<group>"; };
		5A2DE4F3213840070079369E /* Base */ = {isa = PBXFileReference; lastKnownFileType = file.storyboard; name = Base; path = Base.lproj/Main.storyboard; sourceTree = "<group>"; };
		5A2DE4F5213840090079369E /* Assets.xcassets */ = {isa = PBXFileReference; lastKnownFileType = folder.assetcatalog; path = Assets.xcassets; sourceTree = "<group>"; };
		5A2DE4F8213840090079369E /* Base */ = {isa = PBXFileReference; lastKnownFileType = file.storyboard; name = Base; path = Base.lproj/LaunchScreen.storyboard; sourceTree = "<group>"; };
		5A2DE4FA213840090079369E /* Info.plist */ = {isa = PBXFileReference; lastKnownFileType = text.plist.xml; path = Info.plist; sourceTree = "<group>"; };
		5A2DE4FF213840090079369E /* FabricTestTests.xctest */ = {isa = PBXFileReference; explicitFileType = wrapper.cfbundle; includeInIndex = 0; path = FabricTestTests.xctest; sourceTree = BUILT_PRODUCTS_DIR; };
		5A2DE503213840090079369E /* FabricTestTests.swift */ = {isa = PBXFileReference; lastKnownFileType = sourcecode.swift; path = FabricTestTests.swift; sourceTree = "<group>"; };
		5A2DE505213840090079369E /* Info.plist */ = {isa = PBXFileReference; lastKnownFileType = text.plist.xml; path = Info.plist; sourceTree = "<group>"; };
		5A2DE50A213840090079369E /* FabricTestUITests.xctest */ = {isa = PBXFileReference; explicitFileType = wrapper.cfbundle; includeInIndex = 0; path = FabricTestUITests.xctest; sourceTree = BUILT_PRODUCTS_DIR; };
		5A2DE50E213840090079369E /* FabricTestUITests.swift */ = {isa = PBXFileReference; lastKnownFileType = sourcecode.swift; path = FabricTestUITests.swift; sourceTree = "<group>"; };
		5A2DE510213840090079369E /* Info.plist */ = {isa = PBXFileReference; lastKnownFileType = text.plist.xml; path = Info.plist; sourceTree = "<group>"; };
/* End PBXFileReference section */

/* Begin PBXFrameworksBuildPhase section */
		5A2DE4E8213840070079369E /* Frameworks */ = {
			isa = PBXFrameworksBuildPhase;
			buildActionMask = 2147483647;
			files = (
			);
			runOnlyForDeploymentPostprocessing = 0;
		};
		5A2DE4FC213840090079369E /* Frameworks */ = {
			isa = PBXFrameworksBuildPhase;
			buildActionMask = 2147483647;
			files = (
			);
			runOnlyForDeploymentPostprocessing = 0;
		};
		5A2DE507213840090079369E /* Frameworks */ = {
			isa = PBXFrameworksBuildPhase;
			buildActionMask = 2147483647;
			files = (
			);
			runOnlyForDeploymentPostprocessing = 0;
		};
/* End PBXFrameworksBuildPhase section */

/* Begin PBXGroup section */
		5A2DE4E2213840070079369E = {
			isa = PBXGroup;
			children = (
				5A2DE4ED213840070079369E /* FabricTest */,
				5A2DE502213840090079369E /* FabricTestTests */,
				5A2DE50D213840090079369E /* FabricTestUITests */,
				5A2DE4EC213840070079369E /* Products */,
			);
			sourceTree = "<group>";
		};
		5A2DE4EC213840070079369E /* Products */ = {
			isa = PBXGroup;
			children = (
				5A2DE4EB213840070079369E /* FabricTest.app */,
				5A2DE4FF213840090079369E /* FabricTestTests.xctest */,
				5A2DE50A213840090079369E /* FabricTestUITests.xctest */,
			);
			name = Products;
			sourceTree = "<group>";
		};
		5A2DE4ED213840070079369E /* FabricTest */ = {
			isa = PBXGroup;
			children = (
				5A2DE4EE213840070079369E /* AppDelegate.swift */,
				5A2DE4F0213840070079369E /* ViewController.swift */,
				5A2DE4F2213840070079369E /* Main.storyboard */,
				5A2DE4F5213840090079369E /* Assets.xcassets */,
				5A2DE4F7213840090079369E /* LaunchScreen.storyboard */,
				5A2DE4FA213840090079369E /* Info.plist */,
			);
			path = FabricTest;
			sourceTree = "<group>";
		};
		5A2DE502213840090079369E /* FabricTestTests */ = {
			isa = PBXGroup;
			children = (
				5A2DE503213840090079369E /* FabricTestTests.swift */,
				5A2DE505213840090079369E /* Info.plist */,
			);
			path = FabricTestTests;
			sourceTree = "<group>";
		};
		5A2DE50D213840090079369E /* FabricTestUITests */ = {
			isa = PBXGroup;
			children = (
				5A2DE50E213840090079369E /* FabricTestUITests.swift */,
				5A2DE510213840090079369E /* Info.plist */,
			);
			path = FabricTestUITests;
			sourceTree = "<group>";
		};
/* End PBXGroup section */

/* Begin PBXNativeTarget section */
		5A2DE4EA213840070079369E /* FabricTest */ = {
			isa = PBXNativeTarget;
			buildConfigurationList = 5A2DE513213840090079369E /* Build configuration list for PBXNativeTarget "FabricTest" */;
			buildPhases = (
				5A2DE4E7213840070079369E /* Sources */,
				5A2DE4E8213840070079369E /* Frameworks */,
				5A2DE4E9213840070079369E /* Resources */,
			);
			buildRules = (
			);
			dependencies = (
			);
			name = FabricTest;
			productName = FabricTest;
			productReference = 5A2DE4EB213840070079369E /* FabricTest.app */;
			productType = "com.apple.product-type.application";
		};
		5A2DE4FE213840090079369E /* FabricTestTests */ = {
			isa = PBXNativeTarget;
			buildConfigurationList = 5A2DE516213840090079369E /* Build configuration list for PBXNativeTarget "FabricTestTests" */;
			buildPhases = (
				5A2DE4FB213840090079369E /* Sources */,
				5A2DE4FC213840090079369E /* Frameworks */,
				5A2DE4FD213840090079369E /* Resources */,
			);
			buildRules = (
			);
			dependencies = (
				5A2DE501213840090079369E /* PBXTargetDependency */,
			);
			name = FabricTestTests;
			productName = FabricTestTests;
			productReference = 5A2DE4FF213840090079369E /* FabricTestTests.xctest */;
			productType = "com.apple.product-type.bundle.unit-test";
		};
		5A2DE509213840090079369E /* FabricTestUITests */ = {
			isa = PBXNativeTarget;
			buildConfigurationList = 5A2DE519213840090079369E /* Build configuration list for PBXNativeTarget "FabricTestUITests" */;
			buildPhases = (
				5A2DE506213840090079369E /* Sources */,
				5A2DE507213840090079369E /* Frameworks */,
				5A2DE508213840090079369E /* Resources */,
			);
			buildRules = (
			);
			dependencies = (
				5A2DE50C213840090079369E /* PBXTargetDependency */,
			);
			name = FabricTestUITests;
			productName = FabricTestUITests;
			productReference = 5A2DE50A213840090079369E /* FabricTestUITests.xctest */;
			productType = "com.apple.product-type.bundle.ui-testing";
		};
/* End PBXNativeTarget section */

/* Begin PBXProject section */
		5A2DE4E3213840070079369E /* Project object */ = {
			isa = PBXProject;
			attributes = {
				LastSwiftUpdateCheck = 0930;
				LastUpgradeCheck = 0930;
				ORGANIZATIONNAME = dev1;
				TargetAttributes = {
					5A2DE4EA213840070079369E = {
						CreatedOnToolsVersion = 9.3;
					};
					5A2DE4FE213840090079369E = {
						CreatedOnToolsVersion = 9.3;
						TestTargetID = 5A2DE4EA213840070079369E;
					};
					5A2DE509213840090079369E = {
						CreatedOnToolsVersion = 9.3;
						TestTargetID = 5A2DE4EA213840070079369E;
					};
				};
			};
			buildConfigurationList = 5A2DE4E6213840070079369E /* Build configuration list for PBXProject "FabricTest" */;
			compatibilityVersion = "Xcode 9.3";
			developmentRegion = en;
			hasScannedForEncodings = 0;
			knownRegions = (
				en,
				Base,
			);
			mainGroup = 5A2DE4E2213840070079369E;
			productRefGroup = 5A2DE4EC213840070079369E /* Products */;
			projectDirPath = "";
			projectRoot = "";
			targets = (
				5A2DE4EA213840070079369E /* FabricTest */,
				5A2DE4FE213840090079369E /* FabricTestTests */,
				5A2DE509213840090079369E /* FabricTestUITests */,
			);
		};
/* End PBXProject section */

/* Begin PBXResourcesBuildPhase section */
		5A2DE4E9213840070079369E /* Resources */ = {
			isa = PBXResourcesBuildPhase;
			buildActionMask = 2147483647;
			files = (
				5A2DE4F9213840090079369E /* LaunchScreen.storyboard in Resources */,
				5A2DE4F6213840090079369E /* Assets.xcassets in Resources */,
				5A2DE4F4213840070079369E /* Main.storyboard in Resources */,
			);
			runOnlyForDeploymentPostprocessing = 0;
		};
		5A2DE4FD213840090079369E /* Resources */ = {
			isa = PBXResourcesBuildPhase;
			buildActionMask = 2147483647;
			files = (
			);
			runOnlyForDeploymentPostprocessing = 0;
		};
		5A2DE508213840090079369E /* Resources */ = {
			isa = PBXResourcesBuildPhase;
			buildActionMask = 2147483647;
			files = (
			);
			runOnlyForDeploymentPostprocessing = 0;
		};
/* End PBXResourcesBuildPhase section */

/* Begin PBXSourcesBuildPhase section */
		5A2DE4E7213840070079369E /* Sources */ = {
			isa = PBXSourcesBuildPhase;
			buildActionMask = 2147483647;
			files = (
				5A2DE4F1213840070079369E /* ViewController.swift in Sources */,
				5A2DE4EF213840070079369E /* AppDelegate.swift in Sources */,
			);
			runOnlyForDeploymentPostprocessing = 0;
		};
		5A2DE4FB213840090079369E /* Sources */ = {
			isa = PBXSourcesBuildPhase;
			buildActionMask = 2147483647;
			files = (
				5A2DE504213840090079369E /* FabricTestTests.swift in Sources */,
			);
			runOnlyForDeploymentPostprocessing = 0;
		};
		5A2DE506213840090079369E /* Sources */ = {
			isa = PBXSourcesBuildPhase;
			buildActionMask = 2147483647;
			files = (
				5A2DE50F213840090079369E /* FabricTestUITests.swift in Sources */,
			);
			runOnlyForDeploymentPostprocessing = 0;
		};
/* End PBXSourcesBuildPhase section */

/* Begin PBXTargetDependency section */
		5A2DE501213840090079369E /* PBXTargetDependency */ = {
			isa = PBXTargetDependency;
			target = 5A2DE4EA213840070079369E /* FabricTest */;
			targetProxy = 5A2DE500213840090079369E /* PBXContainerItemProxy */;
		};
		5A2DE50C213840090079369E /* PBXTargetDependency */ = {
			isa = PBXTargetDependency;
			target = 5A2DE4EA213840070079369E /* FabricTest */;
			targetProxy = 5A2DE50B213840090079369E /* PBXContainerItemProxy */;
		};
/* End PBXTargetDependency section */

/* Begin PBXVariantGroup section */
		5A2DE4F2213840070079369E /* Main.storyboard */ = {
			isa = PBXVariantGroup;
			children = (
				5A2DE4F3213840070079369E /* Base */,
			);
			name = Main.storyboard;
			sourceTree = "<group>";
		};
		5A2DE4F7213840090079369E /* LaunchScreen.storyboard */ = {
			isa = PBXVariantGroup;
			children = (
				5A2DE4F8213840090079369E /* Base */,
			);
			name = LaunchScreen.storyboard;
			sourceTree = "<group>";
		};
/* End PBXVariantGroup section */

/* Begin XCBuildConfiguration section */
		5A2DE511213840090079369E /* Debug */ = {
			isa = XCBuildConfiguration;
			buildSettings = {
				ALWAYS_SEARCH_USER_PATHS = NO;
				CLANG_ANALYZER_NONNULL = YES;
				CLANG_ANALYZER_NUMBER_OBJECT_CONVERSION = YES_AGGRESSIVE;
				CLANG_CXX_LANGUAGE_STANDARD = "gnu++14";
				CLANG_CXX_LIBRARY = "libc++";
				CLANG_ENABLE_MODULES = YES;
				CLANG_ENABLE_OBJC_ARC = YES;
				CLANG_ENABLE_OBJC_WEAK = YES;
				CLANG_WARN_BLOCK_CAPTURE_AUTORELEASING = YES;
				CLANG_WARN_BOOL_CONVERSION = YES;
				CLANG_WARN_COMMA = YES;
				CLANG_WARN_CONSTANT_CONVERSION = YES;
				CLANG_WARN_DEPRECATED_OBJC_IMPLEMENTATIONS = YES;
				CLANG_WARN_DIRECT_OBJC_ISA_USAGE = YES_ERROR;
				CLANG_WARN_DOCUMENTATION_COMMENTS = YES;
				CLANG_WARN_EMPTY_BODY = YES;
				CLANG_WARN_ENUM_CONVERSION = YES;
				CLANG_WARN_INFINITE_RECURSION = YES;
				CLANG_WARN_INT_CONVERSION = YES;
				CLANG_WARN_NON_LITERAL_NULL_CONVERSION = YES;
				CLANG_WARN_OBJC_IMPLICIT_RETAIN_SELF = YES;
				CLANG_WARN_OBJC_LITERAL_CONVERSION = YES;
				CLANG_WARN_OBJC_ROOT_CLASS = YES_ERROR;
				CLANG_WARN_RANGE_LOOP_ANALYSIS = YES;
				CLANG_WARN_STRICT_PROTOTYPES = YES;
				CLANG_WARN_SUSPICIOUS_MOVE = YES;
				CLANG_WARN_UNGUARDED_AVAILABILITY = YES_AGGRESSIVE;
				CLANG_WARN_UNREACHABLE_CODE = YES;
				CLANG_WARN__DUPLICATE_METHOD_MATCH = YES;
				CODE_SIGN_IDENTITY = "iPhone Developer";
				COPY_PHASE_STRIP = NO;
				DEBUG_INFORMATION_FORMAT = dwarf;
				ENABLE_STRICT_OBJC_MSGSEND = YES;
				ENABLE_TESTABILITY = YES;
				GCC_C_LANGUAGE_STANDARD = gnu11;
				GCC_DYNAMIC_NO_PIC = NO;
				GCC_NO_COMMON_BLOCKS = YES;
				GCC_OPTIMIZATION_LEVEL = 0;
				GCC_PREPROCESSOR_DEFINITIONS = (
					"DEBUG=1",
					"$(inherited)",
				);
				GCC_WARN_64_TO_32_BIT_CONVERSION = YES;
				GCC_WARN_ABOUT_RETURN_TYPE = YES_ERROR;
				GCC_WARN_UNDECLARED_SELECTOR = YES;
				GCC_WARN_UNINITIALIZED_AUTOS = YES_AGGRESSIVE;
				GCC_WARN_UNUSED_FUNCTION = YES;
				GCC_WARN_UNUSED_VARIABLE = YES;
				IPHONEOS_DEPLOYMENT_TARGET = 11.3;
				MTL_ENABLE_DEBUG_INFO = YES;
				ONLY_ACTIVE_ARCH = YES;
				SDKROOT = iphoneos;
				SWIFT_ACTIVE_COMPILATION_CONDITIONS = DEBUG;
				SWIFT_OPTIMIZATION_LEVEL = "-Onone";
			};
			name = Debug;
		};
		5A2DE512213840090079369E /* Release */ = {
			isa = XCBuildConfiguration;
			buildSettings = {
				ALWAYS_SEARCH_USER_PATHS = NO;
				CLANG_ANALYZER_NONNULL = YES;
				CLANG_ANALYZER_NUMBER_OBJECT_CONVERSION = YES_AGGRESSIVE;
				CLANG_CXX_LANGUAGE_STANDARD = "gnu++14";
				CLANG_CXX_LIBRARY = "libc++";
				CLANG_ENABLE_MODULES = YES;
				CLANG_ENABLE_OBJC_ARC = YES;
				CLANG_ENABLE_OBJC_WEAK = YES;
				CLANG_WARN_BLOCK_CAPTURE_AUTORELEASING = YES;
				CLANG_WARN_BOOL_CONVERSION = YES;
				CLANG_WARN_COMMA = YES;
				CLANG_WARN_CONSTANT_CONVERSION = YES;
				CLANG_WARN_DEPRECATED_OBJC_IMPLEMENTATIONS = YES;
				CLANG_WARN_DIRECT_OBJC_ISA_USAGE = YES_ERROR;
				CLANG_WARN_DOCUMENTATION_COMMENTS = YES;
				CLANG_WARN_EMPTY_BODY = YES;
				CLANG_WARN_ENUM_CONVERSION = YES;
				CLANG_WARN_INFINITE_RECURSION = YES;
				CLANG_WARN_INT_CONVERSION = YES;
				CLANG_WARN_NON_LITERAL_NULL_CONVERSION = YES;
				CLANG_WARN_OBJC_IMPLICIT_RETAIN_SELF = YES;
				CLANG_WARN_OBJC_LITERAL_CONVERSION = YES;
				CLANG_WARN_OBJC_ROOT_CLASS = YES_ERROR;
				CLANG_WARN_RANGE_LOOP_ANALYSIS = YES;
				CLANG_WARN_STRICT_PROTOTYPES = YES;
				CLANG_WARN_SUSPICIOUS_MOVE = YES;
				CLANG_WARN_UNGUARDED_AVAILABILITY = YES_AGGRESSIVE;
				CLANG_WARN_UNREACHABLE_CODE = YES;
				CLANG_WARN__DUPLICATE_METHOD_MATCH = YES;
				CODE_SIGN_IDENTITY = "iPhone Developer";
				COPY_PHASE_STRIP = NO;
				DEBUG_INFORMATION_FORMAT = "dwarf-with-dsym";
				ENABLE_NS_ASSERTIONS = NO;
				ENABLE_STRICT_OBJC_MSGSEND = YES;
				GCC_C_LANGUAGE_STANDARD = gnu11;
				GCC_NO_COMMON_BLOCKS = YES;
				GCC_WARN_64_TO_32_BIT_CONVERSION = YES;
				GCC_WARN_ABOUT_RETURN_TYPE = YES_ERROR;
				GCC_WARN_UNDECLARED_SELECTOR = YES;
				GCC_WARN_UNINITIALIZED_AUTOS = YES_AGGRESSIVE;
				GCC_WARN_UNUSED_FUNCTION = YES;
				GCC_WARN_UNUSED_VARIABLE = YES;
				IPHONEOS_DEPLOYMENT_TARGET = 11.3;
				MTL_ENABLE_DEBUG_INFO = NO;
				SDKROOT = iphoneos;
				SWIFT_COMPILATION_MODE = wholemodule;
				SWIFT_OPTIMIZATION_LEVEL = "-O";
				VALIDATE_PRODUCT = YES;
			};
			name = Release;
		};
		5A2DE514213840090079369E /* Debug */ = {
			isa = XCBuildConfiguration;
			buildSettings = {
				ASSETCATALOG_COMPILER_APPICON_NAME = AppIcon;
				CODE_SIGN_STYLE = Automatic;
				INFOPLIST_FILE = FabricTest/Info.plist;
				LD_RUNPATH_SEARCH_PATHS = (
					"$(inherited)",
					"@executable_path/Frameworks",
				);
				PRODUCT_BUNDLE_IDENTIFIER = com.fabrictest.FabricTest;
				PRODUCT_NAME = "$(TARGET_NAME)";
				SWIFT_VERSION = 4.0;
				TARGETED_DEVICE_FAMILY = "1,2";
			};
			name = Debug;
		};
		5A2DE515213840090079369E /* Release */ = {
			isa = XCBuildConfiguration;
			buildSettings = {
				ASSETCATALOG_COMPILER_APPICON_NAME = AppIcon;
				CODE_SIGN_STYLE = Automatic;
				INFOPLIST_FILE = FabricTest/Info.plist;
				LD_RUNPATH_SEARCH_PATHS = (
					"$(inherited)",
					"@executable_path/Frameworks",
				);
				PRODUCT_BUNDLE_IDENTIFIER = com.fabrictest.FabricTest;
				PRODUCT_NAME = "$(TARGET_NAME)";
				SWIFT_VERSION = 4.0;
				TARGETED_DEVICE_FAMILY = "1,2";
			};
			name = Release;
		};
		5A2DE517213840090079369E /* Debug */ = {
			isa = XCBuildConfiguration;
			buildSettings = {
				ALWAYS_EMBED_SWIFT_STANDARD_LIBRARIES = YES;
				BUNDLE_LOADER = "$(TEST_HOST)";
				CODE_SIGN_STYLE = Automatic;
				INFOPLIST_FILE = FabricTestTests/Info.plist;
				LD_RUNPATH_SEARCH_PATHS = (
					"$(inherited)",
					"@executable_path/Frameworks",
					"@loader_path/Frameworks",
				);
				PRODUCT_BUNDLE_IDENTIFIER = com.fabrictest.FabricTestTests;
				PRODUCT_NAME = "$(TARGET_NAME)";
				SWIFT_VERSION = 4.0;
				TARGETED_DEVICE_FAMILY = "1,2";
				TEST_HOST = "$(BUILT_PRODUCTS_DIR)/FabricTest.app/FabricTest";
			};
			name = Debug;
		};
		5A2DE518213840090079369E /* Release */ = {
			isa = XCBuildConfiguration;
			buildSettings = {
				ALWAYS_EMBED_SWIFT_STANDARD_LIBRARIES = YES;
				BUNDLE_LOADER = "$(TEST_HOST)";
				CODE_SIGN_STYLE = Automatic;
				INFOPLIST_FILE = FabricTestTests/Info.plist;
				LD_RUNPATH_SEARCH_PATHS = (
					"$(inherited)",
					"@executable_path/Frameworks",
					"@loader_path/Frameworks",
				);
				PRODUCT_BUNDLE_IDENTIFIER = com.fabrictest.FabricTestTests;
				PRODUCT_NAME = "$(TARGET_NAME)";
				SWIFT_VERSION = 4.0;
				TARGETED_DEVICE_FAMILY = "1,2";
				TEST_HOST = "$(BUILT_PRODUCTS_DIR)/FabricTest.app/FabricTest";
			};
			name = Release;
		};
		5A2DE51A213840090079369E /* Debug */ = {
			isa = XCBuildConfiguration;
			buildSettings = {
				ALWAYS_EMBED_SWIFT_STANDARD_LIBRARIES = YES;
				CODE_SIGN_STYLE = Automatic;
				INFOPLIST_FILE = FabricTestUITests/Info.plist;
				LD_RUNPATH_SEARCH_PATHS = (
					"$(inherited)",
					"@executable_path/Frameworks",
					"@loader_path/Frameworks",
				);
				PRODUCT_BUNDLE_IDENTIFIER = com.fabrictest.FabricTestUITests;
				PRODUCT_NAME = "$(TARGET_NAME)";
				SWIFT_VERSION = 4.0;
				TARGETED_DEVICE_FAMILY = "1,2";
				TEST_TARGET_NAME = FabricTest;
			};
			name = Debug;
		};
		5A2DE51B213840090079369E /* Release */ = {
			isa = XCBuildConfiguration;
			buildSettings = {
				ALWAYS_EMBED_SWIFT_STANDARD_LIBRARIES = YES;
				CODE_SIGN_STYLE = Automatic;
				INFOPLIST_FILE = FabricTestUITests/Info.plist;
				LD_RUNPATH_SEARCH_PATHS = (
					"$(inherited)",
					"@executable_path/Frameworks",
					"@loader_path/Frameworks",
				);
				PRODUCT_BUNDLE_IDENTIFIER = com.fabrictest.FabricTestUITests;
				PRODUCT_NAME = "$(TARGET_NAME)";
				SWIFT_VERSION = 4.0;
				TARGETED_DEVICE_FAMILY = "1,2";
				TEST_TARGET_NAME = FabricTest;
			};
			name = Release;
		};
/* End XCBuildConfiguration section */

/* Begin XCConfigurationList section */
		5A2DE4E6213840070079369E /* Build configuration list for PBXProject "FabricTest" */ = {
			isa = XCConfigurationList;
			buildConfigurations = (
				5A2DE511213840090079369E /* Debug */,
				5A2DE512213840090079369E /* Release */,
			);
			defaultConfigurationIsVisible = 0;
			defaultConfigurationName = Release;
		};
		5A2DE513213840090079369E /* Build configuration list for PBXNativeTarget "FabricTest" */ = {
			isa = XCConfigurationList;
			buildConfigurations = (
				5A2DE514213840090079369E /* Debug */,
				5A2DE515213840090079369E /* Release */,
			);
			defaultConfigurationIsVisible = 0;
			defaultConfigurationName = Release;
		};
		5A2DE516213840090079369E /* Build configuration list for PBXNativeTarget "FabricTestTests" */ = {
			isa = XCConfigurationList;
			buildConfigurations = (
				5A2DE517213840090079369E /* Debug */,
				5A2DE518213840090079369E /* Release */,
			);
			defaultConfigurationIsVisible = 0;
			defaultConfigurationName = Release;
		};
		5A2DE519213840090079369E /* Build configuration list for PBXNativeTarget "FabricTestUITests" */ = {
			isa = XCConfigurationList;
			buildConfigurations = (
				5A2DE51A213840090079369E /* Debug */,
				5A2DE51B213840090079369E /* Release */,
			);
			defaultConfigurationIsVisible = 0;
			defaultConfigurationName = Release;
		};
/* End XCConfigurationList section */
	};
	rootObject = 5A2DE4E3213840070079369E /* Project object */;
}
